
Microsoft Visual Studio Solution File, Format Version 12.00
# Visual Studio 15
VisualStudioVersion = 15.0.26228.4
MinimumVisualStudioVersion = 10.0.40219.1
Project("{E24C65DC-7377-472B-9ABA-BC803B73C61A}") = "PublishedIMS", "ILCookTKIDSInboundFileJob\PublishedIMS\", "{4E7C8797-9E01-4BAF-8648-45B0C1A7F1E4}"
	ProjectSection(WebsiteProperties) = preProject
		TargetFrameworkMoniker = ".NETFramework,Version%3Dv4.5.2"
		Debug.AspNetCompiler.VirtualPath = "/localhost_59735"
		Debug.AspNetCompiler.PhysicalPath = "ILCookTKIDSInboundFileJob\PublishedIMS\"
		Debug.AspNetCompiler.TargetPath = "PrecompiledWeb\localhost_59735\"
		Debug.AspNetCompiler.Updateable = "true"
		Debug.AspNetCompiler.ForceOverwrite = "true"
		Debug.AspNetCompiler.FixedNames = "false"
		Debug.AspNetCompiler.Debug = "True"
		Release.AspNetCompiler.VirtualPath = "/localhost_59735"
		Release.AspNetCompiler.PhysicalPath = "ILCookTKIDSInboundFileJob\PublishedIMS\"
		Release.AspNetCompiler.TargetPath = "PrecompiledWeb\localhost_59735\"
		Release.AspNetCompiler.Updateable = "true"
		Release.AspNetCompiler.ForceOverwrite = "true"
		Release.AspNetCompiler.FixedNames = "false"
		Release.AspNetCompiler.Debug = "False"
		VWDPort = "59735"
		SlnRelativePath = "ILCookTKIDSInboundFileJob\PublishedIMS\"
		DefaultWebSiteLanguage = "Visual Basic"
	EndProjectSection
EndProject
Project("{FAE04EC0-301F-11D3-BF4B-00C04F79EFBC}") = "_TestHarness", "ILCookTKIDSInboundFileJob\_TestHarness\_TestHarness.csproj", "{54D1BDC0-94A0-4816-86C3-D8CEC2D292BD}"
EndProject
Project("{FAE04EC0-301F-11D3-BF4B-00C04F79EFBC}") = "ILCookTKIDSInboundFileJob", "ILCookTKIDSInboundFileJob\ApiJobTemplate\ILCookTKIDSInboundFileJob.csproj", "{6628D833-07BF-44A9-8787-4D0F9FBD78A1}"
EndProject
Global
	GlobalSection(SolutionConfigurationPlatforms) = preSolution
		Debug|Any CPU = Debug|Any CPU
		Release|Any CPU = Release|Any CPU
	EndGlobalSection
	GlobalSection(ProjectConfigurationPlatforms) = postSolution
		{4E7C8797-9E01-4BAF-8648-45B0C1A7F1E4}.Debug|Any CPU.ActiveCfg = Debug|Any CPU
		{4E7C8797-9E01-4BAF-8648-45B0C1A7F1E4}.Debug|Any CPU.Build.0 = Debug|Any CPU
		{4E7C8797-9E01-4BAF-8648-45B0C1A7F1E4}.Release|Any CPU.ActiveCfg = Debug|Any CPU
		{4E7C8797-9E01-4BAF-8648-45B0C1A7F1E4}.Release|Any CPU.Build.0 = Debug|Any CPU
		{54D1BDC0-94A0-4816-86C3-D8CEC2D292BD}.Debug|Any CPU.ActiveCfg = Debug|Any CPU
		{54D1BDC0-94A0-4816-86C3-D8CEC2D292BD}.Debug|Any CPU.Build.0 = Debug|Any CPU
		{54D1BDC0-94A0-4816-86C3-D8CEC2D292BD}.Release|Any CPU.ActiveCfg = Release|Any CPU
		{54D1BDC0-94A0-4816-86C3-D8CEC2D292BD}.Release|Any CPU.Build.0 = Release|Any CPU
		{6628D833-07BF-44A9-8787-4D0F9FBD78A1}.Debug|Any CPU.ActiveCfg = Debug|Any CPU
		{6628D833-07BF-44A9-8787-4D0F9FBD78A1}.Debug|Any CPU.Build.0 = Debug|Any CPU
		{6628D833-07BF-44A9-8787-4D0F9FBD78A1}.Release|Any CPU.ActiveCfg = Release|Any CPU
		{6628D833-07BF-44A9-8787-4D0F9FBD78A1}.Release|Any CPU.Build.0 = Release|Any CPU
	EndGlobalSection
	GlobalSection(SolutionProperties) = preSolution
		HideSolutionNode = FALSE
	EndGlobalSection
EndGlobal
